// !$*UTF8*$!
{
	archiveVersion = 1;
	classes = {
	};
	objectVersion = 46;
	objects = {

/* Begin PBXBuildFile section */
		381B6E621F62340E0068F17A /* main.m in Sources */ = {isa = PBXBuildFile; fileRef = 381B6E611F62340E0068F17A /* main.m */; };
		381B6E651F62340E0068F17A /* AppDelegate.m in Sources */ = {isa = PBXBuildFile; fileRef = 381B6E641F62340E0068F17A /* AppDelegate.m */; };
		381B6E681F62340E0068F17A /* ViewController.m in Sources */ = {isa = PBXBuildFile; fileRef = 381B6E671F62340E0068F17A /* ViewController.m */; };
		381B6E6B1F62340E0068F17A /* Main.storyboard in Resources */ = {isa = PBXBuildFile; fileRef = 381B6E691F62340E0068F17A /* Main.storyboard */; };
		381B6E6D1F62340E0068F17A /* Assets.xcassets in Resources */ = {isa = PBXBuildFile; fileRef = 381B6E6C1F62340E0068F17A /* Assets.xcassets */; };
		381B6E701F62340E0068F17A /* LaunchScreen.storyboard in Resources */ = {isa = PBXBuildFile; fileRef = 381B6E6E1F62340E0068F17A /* LaunchScreen.storyboard */; };
		381B6E7B1F62340F0068F17A /* TableViewRefreshTests.m in Sources */ = {isa = PBXBuildFile; fileRef = 381B6E7A1F62340F0068F17A /* TableViewRefreshTests.m */; };
		381B6E861F62340F0068F17A /* TableViewRefreshUITests.m in Sources */ = {isa = PBXBuildFile; fileRef = 381B6E851F62340F0068F17A /* TableViewRefreshUITests.m */; };
		381B6E991F62343F0068F17A /* BaseTableView.m in Sources */ = {isa = PBXBuildFile; fileRef = 381B6E961F62343F0068F17A /* BaseTableView.m */; };
		381B6E9A1F62343F0068F17A /* BaseTabViewCell.m in Sources */ = {isa = PBXBuildFile; fileRef = 381B6E981F62343F0068F17A /* BaseTabViewCell.m */; };
		381B6E9D1F62344E0068F17A /* BaseModel.m in Sources */ = {isa = PBXBuildFile; fileRef = 381B6E9C1F62344E0068F17A /* BaseModel.m */; };
		381B6EB81F62346A0068F17A /* MASCompositeConstraint.m in Sources */ = {isa = PBXBuildFile; fileRef = 381B6EA01F62346A0068F17A /* MASCompositeConstraint.m */; };
		381B6EB91F62346A0068F17A /* MASConstraint.m in Sources */ = {isa = PBXBuildFile; fileRef = 381B6EA31F62346A0068F17A /* MASConstraint.m */; };
		381B6EBA1F62346A0068F17A /* MASConstraintMaker.m in Sources */ = {isa = PBXBuildFile; fileRef = 381B6EA51F62346A0068F17A /* MASConstraintMaker.m */; };
		381B6EBB1F62346A0068F17A /* MASLayoutConstraint.m in Sources */ = {isa = PBXBuildFile; fileRef = 381B6EA71F62346A0068F17A /* MASLayoutConstraint.m */; };
		381B6EBC1F62346A0068F17A /* MASViewAttribute.m in Sources */ = {isa = PBXBuildFile; fileRef = 381B6EAB1F62346A0068F17A /* MASViewAttribute.m */; };
		381B6EBD1F62346A0068F17A /* MASViewConstraint.m in Sources */ = {isa = PBXBuildFile; fileRef = 381B6EAD1F62346A0068F17A /* MASViewConstraint.m */; };
		381B6EBE1F62346A0068F17A /* NSArray+MASAdditions.m in Sources */ = {isa = PBXBuildFile; fileRef = 381B6EAF1F62346A0068F17A /* NSArray+MASAdditions.m */; };
		381B6EBF1F62346A0068F17A /* NSLayoutConstraint+MASDebugAdditions.m in Sources */ = {isa = PBXBuildFile; fileRef = 381B6EB21F62346A0068F17A /* NSLayoutConstraint+MASDebugAdditions.m */; };
		381B6EC01F62346A0068F17A /* View+MASAdditions.m in Sources */ = {isa = PBXBuildFile; fileRef = 381B6EB41F62346A0068F17A /* View+MASAdditions.m */; };
		381B6EC11F62346A0068F17A /* ViewController+MASAdditions.m in Sources */ = {isa = PBXBuildFile; fileRef = 381B6EB71F62346A0068F17A /* ViewController+MASAdditions.m */; };
		381B6EC61F6234A30068F17A /* QuickWordsView.m in Sources */ = {isa = PBXBuildFile; fileRef = 381B6EC31F6234A30068F17A /* QuickWordsView.m */; };
		381B6EC71F6234A30068F17A /* QiuckWordsCell.m in Sources */ = {isa = PBXBuildFile; fileRef = 381B6EC51F6234A30068F17A /* QiuckWordsCell.m */; };
		381B6ECC1F62352B0068F17A /* QuickWordsModel.m in Sources */ = {isa = PBXBuildFile; fileRef = 381B6ECB1F62352B0068F17A /* QuickWordsModel.m */; };
		381B6ECF1F6275C50068F17A /* BaseRefreshHeadView.m in Sources */ = {isa = PBXBuildFile; fileRef = 381B6ECE1F6275C50068F17A /* BaseRefreshHeadView.m */; };
		385FF8091F63DB860082226C /* ScrollViewRefreshView.m in Sources */ = {isa = PBXBuildFile; fileRef = 385FF8081F63DB860082226C /* ScrollViewRefreshView.m */; };
		385FF80C1F63F8BE0082226C /* ScrollViewHeadView.m in Sources */ = {isa = PBXBuildFile; fileRef = 385FF80B1F63F8BE0082226C /* ScrollViewHeadView.m */; };
/* End PBXBuildFile section */

/* Begin PBXContainerItemProxy section */
		381B6E771F62340F0068F17A /* PBXContainerItemProxy */ = {
			isa = PBXContainerItemProxy;
			containerPortal = 381B6E551F62340E0068F17A /* Project object */;
			proxyType = 1;
			remoteGlobalIDString = 381B6E5C1F62340E0068F17A;
			remoteInfo = TableViewRefresh;
		};
		381B6E821F62340F0068F17A /* PBXContainerItemProxy */ = {
			isa = PBXContainerItemProxy;
			containerPortal = 381B6E551F62340E0068F17A /* Project object */;
			proxyType = 1;
			remoteGlobalIDString = 381B6E5C1F62340E0068F17A;
			remoteInfo = TableViewRefresh;
		};
/* End PBXContainerItemProxy section */

/* Begin PBXFileReference section */
		381B6E5D1F62340E0068F17A /* TableViewRefresh.app */ = {isa = PBXFileReference; explicitFileType = wrapper.application; includeInIndex = 0; path = TableViewRefresh.app; sourceTree = BUILT_PRODUCTS_DIR; };
		381B6E611F62340E0068F17A /* main.m */ = {isa = PBXFileReference; lastKnownFileType = sourcecode.c.objc; path = main.m; sourceTree = "<group>"; };
		381B6E631F62340E0068F17A /* AppDelegate.h */ = {isa = PBXFileReference; lastKnownFileType = sourcecode.c.h; path = AppDelegate.h; sourceTree = "<group>"; };
		381B6E641F62340E0068F17A /* AppDelegate.m */ = {isa = PBXFileReference; lastKnownFileType = sourcecode.c.objc; path = AppDelegate.m; sourceTree = "<group>"; };
		381B6E661F62340E0068F17A /* ViewController.h */ = {isa = PBXFileReference; lastKnownFileType = sourcecode.c.h; path = ViewController.h; sourceTree = "<group>"; };
		381B6E671F62340E0068F17A /* ViewController.m */ = {isa = PBXFileReference; lastKnownFileType = sourcecode.c.objc; path = ViewController.m; sourceTree = "<group>"; };
		381B6E6A1F62340E0068F17A /* Base */ = {isa = PBXFileReference; lastKnownFileType = file.storyboard; name = Base; path = Base.lproj/Main.storyboard; sourceTree = "<group>"; };
		381B6E6C1F62340E0068F17A /* Assets.xcassets */ = {isa = PBXFileReference; lastKnownFileType = folder.assetcatalog; path = Assets.xcassets; sourceTree = "<group>"; };
		381B6E6F1F62340E0068F17A /* Base */ = {isa = PBXFileReference; lastKnownFileType = file.storyboard; name = Base; path = Base.lproj/LaunchScreen.storyboard; sourceTree = "<group>"; };
		381B6E711F62340E0068F17A /* Info.plist */ = {isa = PBXFileReference; lastKnownFileType = text.plist.xml; path = Info.plist; sourceTree = "<group>"; };
		381B6E761F62340F0068F17A /* TableViewRefreshTests.xctest */ = {isa = PBXFileReference; explicitFileType = wrapper.cfbundle; includeInIndex = 0; path = TableViewRefreshTests.xctest; sourceTree = BUILT_PRODUCTS_DIR; };
		381B6E7A1F62340F0068F17A /* TableViewRefreshTests.m */ = {isa = PBXFileReference; lastKnownFileType = sourcecode.c.objc; path = TableViewRefreshTests.m; sourceTree = "<group>"; };
		381B6E7C1F62340F0068F17A /* Info.plist */ = {isa = PBXFileReference; lastKnownFileType = text.plist.xml; path = Info.plist; sourceTree = "<group>"; };
		381B6E811F62340F0068F17A /* TableViewRefreshUITests.xctest */ = {isa = PBXFileReference; explicitFileType = wrapper.cfbundle; includeInIndex = 0; path = TableViewRefreshUITests.xctest; sourceTree = BUILT_PRODUCTS_DIR; };
		381B6E851F62340F0068F17A /* TableViewRefreshUITests.m */ = {isa = PBXFileReference; lastKnownFileType = sourcecode.c.objc; path = TableViewRefreshUITests.m; sourceTree = "<group>"; };
		381B6E871F62340F0068F17A /* Info.plist */ = {isa = PBXFileReference; lastKnownFileType = text.plist.xml; path = Info.plist; sourceTree = "<group>"; };
		381B6E951F62343F0068F17A /* BaseTableView.h */ = {isa = PBXFileReference; fileEncoding = 4; lastKnownFileType = sourcecode.c.h; path = BaseTableView.h; sourceTree = "<group>"; };
		381B6E961F62343F0068F17A /* BaseTableView.m */ = {isa = PBXFileReference; fileEncoding = 4; lastKnownFileType = sourcecode.c.objc; path = BaseTableView.m; sourceTree = "<group>"; };
		381B6E971F62343F0068F17A /* BaseTabViewCell.h */ = {isa = PBXFileReference; fileEncoding = 4; lastKnownFileType = sourcecode.c.h; path = BaseTabViewCell.h; sourceTree = "<group>"; };
		381B6E981F62343F0068F17A /* BaseTabViewCell.m */ = {isa = PBXFileReference; fileEncoding = 4; lastKnownFileType = sourcecode.c.objc; path = BaseTabViewCell.m; sourceTree = "<group>"; };
		381B6E9B1F62344E0068F17A /* BaseModel.h */ = {isa = PBXFileReference; fileEncoding = 4; lastKnownFileType = sourcecode.c.h; path = BaseModel.h; sourceTree = "<group>"; };
		381B6E9C1F62344E0068F17A /* BaseModel.m */ = {isa = PBXFileReference; fileEncoding = 4; lastKnownFileType = sourcecode.c.objc; path = BaseModel.m; sourceTree = "<group>"; };
		381B6E9F1F62346A0068F17A /* MASCompositeConstraint.h */ = {isa = PBXFileReference; fileEncoding = 4; lastKnownFileType = sourcecode.c.h; path = MASCompositeConstraint.h; sourceTree = "<group>"; };
		381B6EA01F62346A0068F17A /* MASCompositeConstraint.m */ = {isa = PBXFileReference; fileEncoding = 4; lastKnownFileType = sourcecode.c.objc; path = MASCompositeConstraint.m; sourceTree = "<group>"; };
		381B6EA11F62346A0068F17A /* MASConstraint+Private.h */ = {isa = PBXFileReference; fileEncoding = 4; lastKnownFileType = sourcecode.c.h; path = "MASConstraint+Private.h"; sourceTree = "<group>"; };
		381B6EA21F62346A0068F17A /* MASConstraint.h */ = {isa = PBXFileReference; fileEncoding = 4; lastKnownFileType = sourcecode.c.h; path = MASConstraint.h; sourceTree = "<group>"; };
		381B6EA31F62346A0068F17A /* MASConstraint.m */ = {isa = PBXFileReference; fileEncoding = 4; lastKnownFileType = sourcecode.c.objc; path = MASConstraint.m; sourceTree = "<group>"; };
		381B6EA41F62346A0068F17A /* MASConstraintMaker.h */ = {isa = PBXFileReference; fileEncoding = 4; lastKnownFileType = sourcecode.c.h; path = MASConstraintMaker.h; sourceTree = "<group>"; };
		381B6EA51F62346A0068F17A /* MASConstraintMaker.m */ = {isa = PBXFileReference; fileEncoding = 4; lastKnownFileType = sourcecode.c.objc; path = MASConstraintMaker.m; sourceTree = "<group>"; };
		381B6EA61F62346A0068F17A /* MASLayoutConstraint.h */ = {isa = PBXFileReference; fileEncoding = 4; lastKnownFileType = sourcecode.c.h; path = MASLayoutConstraint.h; sourceTree = "<group>"; };
		381B6EA71F62346A0068F17A /* MASLayoutConstraint.m */ = {isa = PBXFileReference; fileEncoding = 4; lastKnownFileType = sourcecode.c.objc; path = MASLayoutConstraint.m; sourceTree = "<group>"; };
		381B6EA81F62346A0068F17A /* Masonry.h */ = {isa = PBXFileReference; fileEncoding = 4; lastKnownFileType = sourcecode.c.h; path = Masonry.h; sourceTree = "<group>"; };
		381B6EA91F62346A0068F17A /* MASUtilities.h */ = {isa = PBXFileReference; fileEncoding = 4; lastKnownFileType = sourcecode.c.h; path = MASUtilities.h; sourceTree = "<group>"; };
		381B6EAA1F62346A0068F17A /* MASViewAttribute.h */ = {isa = PBXFileReference; fileEncoding = 4; lastKnownFileType = sourcecode.c.h; path = MASViewAttribute.h; sourceTree = "<group>"; };
		381B6EAB1F62346A0068F17A /* MASViewAttribute.m */ = {isa = PBXFileReference; fileEncoding = 4; lastKnownFileType = sourcecode.c.objc; path = MASViewAttribute.m; sourceTree = "<group>"; };
		381B6EAC1F62346A0068F17A /* MASViewConstraint.h */ = {isa = PBXFileReference; fileEncoding = 4; lastKnownFileType = sourcecode.c.h; path = MASViewConstraint.h; sourceTree = "<group>"; };
		381B6EAD1F62346A0068F17A /* MASViewConstraint.m */ = {isa = PBXFileReference; fileEncoding = 4; lastKnownFileType = sourcecode.c.objc; path = MASViewConstraint.m; sourceTree = "<group>"; };
		381B6EAE1F62346A0068F17A /* NSArray+MASAdditions.h */ = {isa = PBXFileReference; fileEncoding = 4; lastKnownFileType = sourcecode.c.h; path = "NSArray+MASAdditions.h"; sourceTree = "<group>"; };
		381B6EAF1F62346A0068F17A /* NSArray+MASAdditions.m */ = {isa = PBXFileReference; fileEncoding = 4; lastKnownFileType = sourcecode.c.objc; path = "NSArray+MASAdditions.m"; sourceTree = "<group>"; };
		381B6EB01F62346A0068F17A /* NSArray+MASShorthandAdditions.h */ = {isa = PBXFileReference; fileEncoding = 4; lastKnownFileType = sourcecode.c.h; path = "NSArray+MASShorthandAdditions.h"; sourceTree = "<group>"; };
		381B6EB11F62346A0068F17A /* NSLayoutConstraint+MASDebugAdditions.h */ = {isa = PBXFileReference; fileEncoding = 4; lastKnownFileType = sourcecode.c.h; path = "NSLayoutConstraint+MASDebugAdditions.h"; sourceTree = "<group>"; };
		381B6EB21F62346A0068F17A /* NSLayoutConstraint+MASDebugAdditions.m */ = {isa = PBXFileReference; fileEncoding = 4; lastKnownFileType = sourcecode.c.objc; path = "NSLayoutConstraint+MASDebugAdditions.m"; sourceTree = "<group>"; };
		381B6EB31F62346A0068F17A /* View+MASAdditions.h */ = {isa = PBXFileReference; fileEncoding = 4; lastKnownFileType = sourcecode.c.h; path = "View+MASAdditions.h"; sourceTree = "<group>"; };
		381B6EB41F62346A0068F17A /* View+MASAdditions.m */ = {isa = PBXFileReference; fileEncoding = 4; lastKnownFileType = sourcecode.c.objc; path = "View+MASAdditions.m"; sourceTree = "<group>"; };
		381B6EB51F62346A0068F17A /* View+MASShorthandAdditions.h */ = {isa = PBXFileReference; fileEncoding = 4; lastKnownFileType = sourcecode.c.h; path = "View+MASShorthandAdditions.h"; sourceTree = "<group>"; };
		381B6EB61F62346A0068F17A /* ViewController+MASAdditions.h */ = {isa = PBXFileReference; fileEncoding = 4; lastKnownFileType = sourcecode.c.h; path = "ViewController+MASAdditions.h"; sourceTree = "<group>"; };
		381B6EB71F62346A0068F17A /* ViewController+MASAdditions.m */ = {isa = PBXFileReference; fileEncoding = 4; lastKnownFileType = sourcecode.c.objc; path = "ViewController+MASAdditions.m"; sourceTree = "<group>"; };
		381B6EC21F6234A30068F17A /* QuickWordsView.h */ = {isa = PBXFileReference; fileEncoding = 4; lastKnownFileType = sourcecode.c.h; path = QuickWordsView.h; sourceTree = "<group>"; };
		381B6EC31F6234A30068F17A /* QuickWordsView.m */ = {isa = PBXFileReference; fileEncoding = 4; lastKnownFileType = sourcecode.c.objc; path = QuickWordsView.m; sourceTree = "<group>"; };
		381B6EC41F6234A30068F17A /* QiuckWordsCell.h */ = {isa = PBXFileReference; fileEncoding = 4; lastKnownFileType = sourcecode.c.h; path = QiuckWordsCell.h; sourceTree = "<group>"; };
		381B6EC51F6234A30068F17A /* QiuckWordsCell.m */ = {isa = PBXFileReference; fileEncoding = 4; lastKnownFileType = sourcecode.c.objc; path = QiuckWordsCell.m; sourceTree = "<group>"; };
		381B6EC81F6234EE0068F17A /* Constants.h */ = {isa = PBXFileReference; fileEncoding = 4; lastKnownFileType = sourcecode.c.h; path = Constants.h; sourceTree = "<group>"; };
		381B6ECA1F62352B0068F17A /* QuickWordsModel.h */ = {isa = PBXFileReference; fileEncoding = 4; lastKnownFileType = sourcecode.c.h; path = QuickWordsModel.h; sourceTree = "<group>"; };
		381B6ECB1F62352B0068F17A /* QuickWordsModel.m */ = {isa = PBXFileReference; fileEncoding = 4; lastKnownFileType = sourcecode.c.objc; path = QuickWordsModel.m; sourceTree = "<group>"; };
		381B6ECD1F6275C50068F17A /* BaseRefreshHeadView.h */ = {isa = PBXFileReference; fileEncoding = 4; lastKnownFileType = sourcecode.c.h; name = BaseRefreshHeadView.h; path = view/BaseRefreshHeadView.h; sourceTree = "<group>"; };
		381B6ECE1F6275C50068F17A /* BaseRefreshHeadView.m */ = {isa = PBXFileReference; fileEncoding = 4; lastKnownFileType = sourcecode.c.objc; name = BaseRefreshHeadView.m; path = view/BaseRefreshHeadView.m; sourceTree = "<group>"; };
		385FF8071F63DB860082226C /* ScrollViewRefreshView.h */ = {isa = PBXFileReference; fileEncoding = 4; lastKnownFileType = sourcecode.c.h; name = ScrollViewRefreshView.h; path = refreshview/ScrollViewRefreshView.h; sourceTree = "<group>"; };
		385FF8081F63DB860082226C /* ScrollViewRefreshView.m */ = {isa = PBXFileReference; fileEncoding = 4; lastKnownFileType = sourcecode.c.objc; name = ScrollViewRefreshView.m; path = refreshview/ScrollViewRefreshView.m; sourceTree = "<group>"; };
		385FF80A1F63F8BE0082226C /* ScrollViewHeadView.h */ = {isa = PBXFileReference; fileEncoding = 4; lastKnownFileType = sourcecode.c.h; name = ScrollViewHeadView.h; path = refreshview/ScrollViewHeadView.h; sourceTree = "<group>"; };
		385FF80B1F63F8BE0082226C /* ScrollViewHeadView.m */ = {isa = PBXFileReference; fileEncoding = 4; lastKnownFileType = sourcecode.c.objc; name = ScrollViewHeadView.m; path = refreshview/ScrollViewHeadView.m; sourceTree = "<group>"; };
/* End PBXFileReference section */

/* Begin PBXFrameworksBuildPhase section */
		381B6E5A1F62340E0068F17A /* Frameworks */ = {
			isa = PBXFrameworksBuildPhase;
			buildActionMask = 2147483647;
			files = (
			);
			runOnlyForDeploymentPostprocessing = 0;
		};
		381B6E731F62340F0068F17A /* Frameworks */ = {
			isa = PBXFrameworksBuildPhase;
			buildActionMask = 2147483647;
			files = (
			);
			runOnlyForDeploymentPostprocessing = 0;
		};
		381B6E7E1F62340F0068F17A /* Frameworks */ = {
			isa = PBXFrameworksBuildPhase;
			buildActionMask = 2147483647;
			files = (
			);
			runOnlyForDeploymentPostprocessing = 0;
		};
/* End PBXFrameworksBuildPhase section */

/* Begin PBXGroup section */
		381B6E541F62340E0068F17A = {
			isa = PBXGroup;
			children = (
				381B6E5F1F62340E0068F17A /* TableViewRefresh */,
				381B6E791F62340F0068F17A /* TableViewRefreshTests */,
				381B6E841F62340F0068F17A /* TableViewRefreshUITests */,
				381B6E5E1F62340E0068F17A /* Products */,
			);
			sourceTree = "<group>";
		};
		381B6E5E1F62340E0068F17A /* Products */ = {
			isa = PBXGroup;
			children = (
				381B6E5D1F62340E0068F17A /* TableViewRefresh.app */,
				381B6E761F62340F0068F17A /* TableViewRefreshTests.xctest */,
				381B6E811F62340F0068F17A /* TableViewRefreshUITests.xctest */,
			);
			name = Products;
			sourceTree = "<group>";
		};
		381B6E5F1F62340E0068F17A /* TableViewRefresh */ = {
			isa = PBXGroup;
			children = (
				381B6ED01F6277900068F17A /* res */,
				381B6EC91F6234EE0068F17A /* defines */,
				381B6E9E1F62346A0068F17A /* Masonry */,
				381B6E941F6234280068F17A /* model */,
				381B6E931F6234180068F17A /* view */,
				381B6E631F62340E0068F17A /* AppDelegate.h */,
				381B6E641F62340E0068F17A /* AppDelegate.m */,
				381B6E661F62340E0068F17A /* ViewController.h */,
				381B6E671F62340E0068F17A /* ViewController.m */,
				381B6E691F62340E0068F17A /* Main.storyboard */,
				381B6E6C1F62340E0068F17A /* Assets.xcassets */,
				381B6E6E1F62340E0068F17A /* LaunchScreen.storyboard */,
				381B6E711F62340E0068F17A /* Info.plist */,
				381B6E601F62340E0068F17A /* Supporting Files */,
			);
			path = TableViewRefresh;
			sourceTree = "<group>";
		};
		381B6E601F62340E0068F17A /* Supporting Files */ = {
			isa = PBXGroup;
			children = (
				381B6E611F62340E0068F17A /* main.m */,
			);
			name = "Supporting Files";
			sourceTree = "<group>";
		};
		381B6E791F62340F0068F17A /* TableViewRefreshTests */ = {
			isa = PBXGroup;
			children = (
				381B6E7A1F62340F0068F17A /* TableViewRefreshTests.m */,
				381B6E7C1F62340F0068F17A /* Info.plist */,
			);
			path = TableViewRefreshTests;
			sourceTree = "<group>";
		};
		381B6E841F62340F0068F17A /* TableViewRefreshUITests */ = {
			isa = PBXGroup;
			children = (
				381B6E851F62340F0068F17A /* TableViewRefreshUITests.m */,
				381B6E871F62340F0068F17A /* Info.plist */,
			);
			path = TableViewRefreshUITests;
			sourceTree = "<group>";
		};
		381B6E931F6234180068F17A /* view */ = {
			isa = PBXGroup;
			children = (
				385FF8061F63DB620082226C /* refreshview */,
				381B6EC21F6234A30068F17A /* QuickWordsView.h */,
				381B6EC31F6234A30068F17A /* QuickWordsView.m */,
				381B6EC41F6234A30068F17A /* QiuckWordsCell.h */,
				381B6EC51F6234A30068F17A /* QiuckWordsCell.m */,
				381B6E951F62343F0068F17A /* BaseTableView.h */,
				381B6E961F62343F0068F17A /* BaseTableView.m */,
				381B6E971F62343F0068F17A /* BaseTabViewCell.h */,
				381B6E981F62343F0068F17A /* BaseTabViewCell.m */,
				381B6ECD1F6275C50068F17A /* BaseRefreshHeadView.h */,
				381B6ECE1F6275C50068F17A /* BaseRefreshHeadView.m */,
			);
			name = view;
			sourceTree = "<group>";
		};
		381B6E941F6234280068F17A /* model */ = {
			isa = PBXGroup;
			children = (
				381B6ECA1F62352B0068F17A /* QuickWordsModel.h */,
				381B6ECB1F62352B0068F17A /* QuickWordsModel.m */,
				381B6E9B1F62344E0068F17A /* BaseModel.h */,
				381B6E9C1F62344E0068F17A /* BaseModel.m */,
			);
			name = model;
			sourceTree = "<group>";
		};
		381B6E9E1F62346A0068F17A /* Masonry */ = {
			isa = PBXGroup;
			children = (
				381B6E9F1F62346A0068F17A /* MASCompositeConstraint.h */,
				381B6EA01F62346A0068F17A /* MASCompositeConstraint.m */,
				381B6EA11F62346A0068F17A /* MASConstraint+Private.h */,
				381B6EA21F62346A0068F17A /* MASConstraint.h */,
				381B6EA31F62346A0068F17A /* MASConstraint.m */,
				381B6EA41F62346A0068F17A /* MASConstraintMaker.h */,
				381B6EA51F62346A0068F17A /* MASConstraintMaker.m */,
				381B6EA61F62346A0068F17A /* MASLayoutConstraint.h */,
				381B6EA71F62346A0068F17A /* MASLayoutConstraint.m */,
				381B6EA81F62346A0068F17A /* Masonry.h */,
				381B6EA91F62346A0068F17A /* MASUtilities.h */,
				381B6EAA1F62346A0068F17A /* MASViewAttribute.h */,
				381B6EAB1F62346A0068F17A /* MASViewAttribute.m */,
				381B6EAC1F62346A0068F17A /* MASViewConstraint.h */,
				381B6EAD1F62346A0068F17A /* MASViewConstraint.m */,
				381B6EAE1F62346A0068F17A /* NSArray+MASAdditions.h */,
				381B6EAF1F62346A0068F17A /* NSArray+MASAdditions.m */,
				381B6EB01F62346A0068F17A /* NSArray+MASShorthandAdditions.h */,
				381B6EB11F62346A0068F17A /* NSLayoutConstraint+MASDebugAdditions.h */,
				381B6EB21F62346A0068F17A /* NSLayoutConstraint+MASDebugAdditions.m */,
				381B6EB31F62346A0068F17A /* View+MASAdditions.h */,
				381B6EB41F62346A0068F17A /* View+MASAdditions.m */,
				381B6EB51F62346A0068F17A /* View+MASShorthandAdditions.h */,
				381B6EB61F62346A0068F17A /* ViewController+MASAdditions.h */,
				381B6EB71F62346A0068F17A /* ViewController+MASAdditions.m */,
			);
			path = Masonry;
			sourceTree = "<group>";
		};
		381B6EC91F6234EE0068F17A /* defines */ = {
			isa = PBXGroup;
			children = (
				381B6EC81F6234EE0068F17A /* Constants.h */,
			);
			name = defines;
			path = ../../AutoLayoutDemo1/AutoLayoutDemo1;
			sourceTree = "<group>";
		};
		381B6ED01F6277900068F17A /* res */ = {
			isa = PBXGroup;
			children = (
			);
			name = res;
			sourceTree = "<group>";
		};
		385FF8061F63DB620082226C /* refreshview */ = {
			isa = PBXGroup;
			children = (
				385FF8071F63DB860082226C /* ScrollViewRefreshView.h */,
				385FF8081F63DB860082226C /* ScrollViewRefreshView.m */,
				385FF80A1F63F8BE0082226C /* ScrollViewHeadView.h */,
				385FF80B1F63F8BE0082226C /* ScrollViewHeadView.m */,
			);
			name = refreshview;
			sourceTree = "<group>";
		};
/* End PBXGroup section */

/* Begin PBXNativeTarget section */
		381B6E5C1F62340E0068F17A /* TableViewRefresh */ = {
			isa = PBXNativeTarget;
			buildConfigurationList = 381B6E8A1F62340F0068F17A /* Build configuration list for PBXNativeTarget "TableViewRefresh" */;
			buildPhases = (
				381B6E591F62340E0068F17A /* Sources */,
				381B6E5A1F62340E0068F17A /* Frameworks */,
				381B6E5B1F62340E0068F17A /* Resources */,
			);
			buildRules = (
			);
			dependencies = (
			);
			name = TableViewRefresh;
			productName = TableViewRefresh;
			productReference = 381B6E5D1F62340E0068F17A /* TableViewRefresh.app */;
			productType = "com.apple.product-type.application";
		};
		381B6E751F62340F0068F17A /* TableViewRefreshTests */ = {
			isa = PBXNativeTarget;
			buildConfigurationList = 381B6E8D1F62340F0068F17A /* Build configuration list for PBXNativeTarget "TableViewRefreshTests" */;
			buildPhases = (
				381B6E721F62340F0068F17A /* Sources */,
				381B6E731F62340F0068F17A /* Frameworks */,
				381B6E741F62340F0068F17A /* Resources */,
			);
			buildRules = (
			);
			dependencies = (
				381B6E781F62340F0068F17A /* PBXTargetDependency */,
			);
			name = TableViewRefreshTests;
			productName = TableViewRefreshTests;
			productReference = 381B6E761F62340F0068F17A /* TableViewRefreshTests.xctest */;
			productType = "com.apple.product-type.bundle.unit-test";
		};
		381B6E801F62340F0068F17A /* TableViewRefreshUITests */ = {
			isa = PBXNativeTarget;
			buildConfigurationList = 381B6E901F62340F0068F17A /* Build configuration list for PBXNativeTarget "TableViewRefreshUITests" */;
			buildPhases = (
				381B6E7D1F62340F0068F17A /* Sources */,
				381B6E7E1F62340F0068F17A /* Frameworks */,
				381B6E7F1F62340F0068F17A /* Resources */,
			);
			buildRules = (
			);
			dependencies = (
				381B6E831F62340F0068F17A /* PBXTargetDependency */,
			);
			name = TableViewRefreshUITests;
			productName = TableViewRefreshUITests;
			productReference = 381B6E811F62340F0068F17A /* TableViewRefreshUITests.xctest */;
			productType = "com.apple.product-type.bundle.ui-testing";
		};
/* End PBXNativeTarget section */

/* Begin PBXProject section */
		381B6E551F62340E0068F17A /* Project object */ = {
			isa = PBXProject;
			attributes = {
				LastUpgradeCheck = 0830;
				ORGANIZATIONNAME = "刘小兵";
				TargetAttributes = {
					381B6E5C1F62340E0068F17A = {
						CreatedOnToolsVersion = 8.3.3;
						ProvisioningStyle = Automatic;
					};
					381B6E751F62340F0068F17A = {
						CreatedOnToolsVersion = 8.3.3;
						ProvisioningStyle = Automatic;
						TestTargetID = 381B6E5C1F62340E0068F17A;
					};
					381B6E801F62340F0068F17A = {
						CreatedOnToolsVersion = 8.3.3;
						ProvisioningStyle = Automatic;
						TestTargetID = 381B6E5C1F62340E0068F17A;
					};
				};
			};
			buildConfigurationList = 381B6E581F62340E0068F17A /* Build configuration list for PBXProject "TableViewRefresh" */;
			compatibilityVersion = "Xcode 3.2";
			developmentRegion = English;
			hasScannedForEncodings = 0;
			knownRegions = (
				en,
				Base,
			);
			mainGroup = 381B6E541F62340E0068F17A;
			productRefGroup = 381B6E5E1F62340E0068F17A /* Products */;
			projectDirPath = "";
			projectRoot = "";
			targets = (
				381B6E5C1F62340E0068F17A /* TableViewRefresh */,
				381B6E751F62340F0068F17A /* TableViewRefreshTests */,
				381B6E801F62340F0068F17A /* TableViewRefreshUITests */,
			);
		};
/* End PBXProject section */

/* Begin PBXResourcesBuildPhase section */
		381B6E5B1F62340E0068F17A /* Resources */ = {
			isa = PBXResourcesBuildPhase;
			buildActionMask = 2147483647;
			files = (
				381B6E701F62340E0068F17A /* LaunchScreen.storyboard in Resources */,
				381B6E6D1F62340E0068F17A /* Assets.xcassets in Resources */,
				381B6E6B1F62340E0068F17A /* Main.storyboard in Resources */,
			);
			runOnlyForDeploymentPostprocessing = 0;
		};
		381B6E741F62340F0068F17A /* Resources */ = {
			isa = PBXResourcesBuildPhase;
			buildActionMask = 2147483647;
			files = (
			);
			runOnlyForDeploymentPostprocessing = 0;
		};
		381B6E7F1F62340F0068F17A /* Resources */ = {
			isa = PBXResourcesBuildPhase;
			buildActionMask = 2147483647;
			files = (
			);
			runOnlyForDeploymentPostprocessing = 0;
		};
/* End PBXResourcesBuildPhase section */

/* Begin PBXSourcesBuildPhase section */
		381B6E591F62340E0068F17A /* Sources */ = {
			isa = PBXSourcesBuildPhase;
			buildActionMask = 2147483647;
			files = (
				385FF80C1F63F8BE0082226C /* ScrollViewHeadView.m in Sources */,
				385FF8091F63DB860082226C /* ScrollViewRefreshView.m in Sources */,
				381B6ECC1F62352B0068F17A /* QuickWordsModel.m in Sources */,
				381B6EB91F62346A0068F17A /* MASConstraint.m in Sources */,
				381B6EBC1F62346A0068F17A /* MASViewAttribute.m in Sources */,
				381B6ECF1F6275C50068F17A /* BaseRefreshHeadView.m in Sources */,
				381B6EC11F62346A0068F17A /* ViewController+MASAdditions.m in Sources */,
				381B6EBE1F62346A0068F17A /* NSArray+MASAdditions.m in Sources */,
				381B6E9D1F62344E0068F17A /* BaseModel.m in Sources */,
				381B6EBD1F62346A0068F17A /* MASViewConstraint.m in Sources */,
				381B6EBB1F62346A0068F17A /* MASLayoutConstraint.m in Sources */,
				381B6EC61F6234A30068F17A /* QuickWordsView.m in Sources */,
				381B6E991F62343F0068F17A /* BaseTableView.m in Sources */,
				381B6E681F62340E0068F17A /* ViewController.m in Sources */,
				381B6EC01F62346A0068F17A /* View+MASAdditions.m in Sources */,
				381B6EC71F6234A30068F17A /* QiuckWordsCell.m in Sources */,
				381B6EB81F62346A0068F17A /* MASCompositeConstraint.m in Sources */,
				381B6EBF1F62346A0068F17A /* NSLayoutConstraint+MASDebugAdditions.m in Sources */,
				381B6EBA1F62346A0068F17A /* MASConstraintMaker.m in Sources */,
				381B6E651F62340E0068F17A /* AppDelegate.m in Sources */,
				381B6E621F62340E0068F17A /* main.m in Sources */,
				381B6E9A1F62343F0068F17A /* BaseTabViewCell.m in Sources */,
			);
			runOnlyForDeploymentPostprocessing = 0;
		};
		381B6E721F62340F0068F17A /* Sources */ = {
			isa = PBXSourcesBuildPhase;
			buildActionMask = 2147483647;
			files = (
				381B6E7B1F62340F0068F17A /* TableViewRefreshTests.m in Sources */,
			);
			runOnlyForDeploymentPostprocessing = 0;
		};
		381B6E7D1F62340F0068F17A /* Sources */ = {
			isa = PBXSourcesBuildPhase;
			buildActionMask = 2147483647;
			files = (
				381B6E861F62340F0068F17A /* TableViewRefreshUITests.m in Sources */,
			);
			runOnlyForDeploymentPostprocessing = 0;
		};
/* End PBXSourcesBuildPhase section */

/* Begin PBXTargetDependency section */
		381B6E781F62340F0068F17A /* PBXTargetDependency */ = {
			isa = PBXTargetDependency;
			target = 381B6E5C1F62340E0068F17A /* TableViewRefresh */;
			targetProxy = 381B6E771F62340F0068F17A /* PBXContainerItemProxy */;
		};
		381B6E831F62340F0068F17A /* PBXTargetDependency */ = {
			isa = PBXTargetDependency;
			target = 381B6E5C1F62340E0068F17A /* TableViewRefresh */;
			targetProxy = 381B6E821F62340F0068F17A /* PBXContainerItemProxy */;
		};
/* End PBXTargetDependency section */

/* Begin PBXVariantGroup section */
		381B6E691F62340E0068F17A /* Main.storyboard */ = {
			isa = PBXVariantGroup;
			children = (
				381B6E6A1F62340E0068F17A /* Base */,
			);
			name = Main.storyboard;
			sourceTree = "<group>";
		};
		381B6E6E1F62340E0068F17A /* LaunchScreen.storyboard */ = {
			isa = PBXVariantGroup;
			children = (
				381B6E6F1F62340E0068F17A /* Base */,
			);
			name = LaunchScreen.storyboard;
			sourceTree = "<group>";
		};
/* End PBXVariantGroup section */

/* Begin XCBuildConfiguration section */
		381B6E881F62340F0068F17A /* Debug */ = {
			isa = XCBuildConfiguration;
			buildSettings = {
				ALWAYS_SEARCH_USER_PATHS = NO;
				CLANG_ANALYZER_NONNULL = YES;
				CLANG_ANALYZER_NUMBER_OBJECT_CONVERSION = YES_AGGRESSIVE;
				CLANG_CXX_LANGUAGE_STANDARD = "gnu++0x";
				CLANG_CXX_LIBRARY = "libc++";
				CLANG_ENABLE_MODULES = YES;
				CLANG_ENABLE_OBJC_ARC = YES;
				CLANG_WARN_BOOL_CONVERSION = YES;
				CLANG_WARN_CONSTANT_CONVERSION = YES;
				CLANG_WARN_DIRECT_OBJC_ISA_USAGE = YES_ERROR;
				CLANG_WARN_DOCUMENTATION_COMMENTS = YES;
				CLANG_WARN_EMPTY_BODY = YES;
				CLANG_WARN_ENUM_CONVERSION = YES;
				CLANG_WARN_INFINITE_RECURSION = YES;
				CLANG_WARN_INT_CONVERSION = YES;
				CLANG_WARN_OBJC_ROOT_CLASS = YES_ERROR;
				CLANG_WARN_SUSPICIOUS_MOVE = YES;
				CLANG_WARN_UNREACHABLE_CODE = YES;
				CLANG_WARN__DUPLICATE_METHOD_MATCH = YES;
				"CODE_SIGN_IDENTITY[sdk=iphoneos*]" = "iPhone Developer";
				COPY_PHASE_STRIP = NO;
				DEBUG_INFORMATION_FORMAT = dwarf;
				ENABLE_STRICT_OBJC_MSGSEND = YES;
				ENABLE_TESTABILITY = YES;
				GCC_C_LANGUAGE_STANDARD = gnu99;
				GCC_DYNAMIC_NO_PIC = NO;
				GCC_NO_COMMON_BLOCKS = YES;
				GCC_OPTIMIZATION_LEVEL = 0;
				GCC_PREPROCESSOR_DEFINITIONS = (
					"DEBUG=1",
					"$(inherited)",
				);
				GCC_WARN_64_TO_32_BIT_CONVERSION = YES;
				GCC_WARN_ABOUT_RETURN_TYPE = YES_ERROR;
				GCC_WARN_UNDECLARED_SELECTOR = YES;
				GCC_WARN_UNINITIALIZED_AUTOS = YES_AGGRESSIVE;
				GCC_WARN_UNUSED_FUNCTION = YES;
				GCC_WARN_UNUSED_VARIABLE = YES;
				IPHONEOS_DEPLOYMENT_TARGET = 10.3;
				MTL_ENABLE_DEBUG_INFO = YES;
				ONLY_ACTIVE_ARCH = YES;
				SDKROOT = iphoneos;
				TARGETED_DEVICE_FAMILY = "1,2";
			};
			name = Debug;
		};
		381B6E891F62340F0068F17A /* Release */ = {
			isa = XCBuildConfiguration;
			buildSettings = {
				ALWAYS_SEARCH_USER_PATHS = NO;
				CLANG_ANALYZER_NONNULL = YES;
				CLANG_ANALYZER_NUMBER_OBJECT_CONVERSION = YES_AGGRESSIVE;
				CLANG_CXX_LANGUAGE_STANDARD = "gnu++0x";
				CLANG_CXX_LIBRARY = "libc++";
				CLANG_ENABLE_MODULES = YES;
				CLANG_ENABLE_OBJC_ARC = YES;
				CLANG_WARN_BOOL_CONVERSION = YES;
				CLANG_WARN_CONSTANT_CONVERSION = YES;
				CLANG_WARN_DIRECT_OBJC_ISA_USAGE = YES_ERROR;
				CLANG_WARN_DOCUMENTATION_COMMENTS = YES;
				CLANG_WARN_EMPTY_BODY = YES;
				CLANG_WARN_ENUM_CONVERSION = YES;
				CLANG_WARN_INFINITE_RECURSION = YES;
				CLANG_WARN_INT_CONVERSION = YES;
				CLANG_WARN_OBJC_ROOT_CLASS = YES_ERROR;
				CLANG_WARN_SUSPICIOUS_MOVE = YES;
				CLANG_WARN_UNREACHABLE_CODE = YES;
				CLANG_WARN__DUPLICATE_METHOD_MATCH = YES;
				"CODE_SIGN_IDENTITY[sdk=iphoneos*]" = "iPhone Developer";
				COPY_PHASE_STRIP = NO;
				DEBUG_INFORMATION_FORMAT = "dwarf-with-dsym";
				ENABLE_NS_ASSERTIONS = NO;
				ENABLE_STRICT_OBJC_MSGSEND = YES;
				GCC_C_LANGUAGE_STANDARD = gnu99;
				GCC_NO_COMMON_BLOCKS = YES;
				GCC_WARN_64_TO_32_BIT_CONVERSION = YES;
				GCC_WARN_ABOUT_RETURN_TYPE = YES_ERROR;
				GCC_WARN_UNDECLARED_SELECTOR = YES;
				GCC_WARN_UNINITIALIZED_AUTOS = YES_AGGRESSIVE;
				GCC_WARN_UNUSED_FUNCTION = YES;
				GCC_WARN_UNUSED_VARIABLE = YES;
				IPHONEOS_DEPLOYMENT_TARGET = 10.3;
				MTL_ENABLE_DEBUG_INFO = NO;
				SDKROOT = iphoneos;
				TARGETED_DEVICE_FAMILY = "1,2";
				VALIDATE_PRODUCT = YES;
			};
			name = Release;
		};
		381B6E8B1F62340F0068F17A /* Debug */ = {
			isa = XCBuildConfiguration;
			buildSettings = {
				ASSETCATALOG_COMPILER_APPICON_NAME = AppIcon;
				INFOPLIST_FILE = TableViewRefresh/Info.plist;
				LD_RUNPATH_SEARCH_PATHS = "$(inherited) @executable_path/Frameworks";
				PRODUCT_BUNDLE_IDENTIFIER = baize.TableViewRefresh;
				PRODUCT_NAME = "$(TARGET_NAME)";
			};
			name = Debug;
		};
		381B6E8C1F62340F0068F17A /* Release */ = {
			isa = XCBuildConfiguration;
			buildSettings = {
				ASSETCATALOG_COMPILER_APPICON_NAME = AppIcon;
				INFOPLIST_FILE = TableViewRefresh/Info.plist;
				LD_RUNPATH_SEARCH_PATHS = "$(inherited) @executable_path/Frameworks";
				PRODUCT_BUNDLE_IDENTIFIER = baize.TableViewRefresh;
				PRODUCT_NAME = "$(TARGET_NAME)";
			};
			name = Release;
		};
		381B6E8E1F62340F0068F17A /* Debug */ = {
			isa = XCBuildConfiguration;
			buildSettings = {
				BUNDLE_LOADER = "$(TEST_HOST)";
				INFOPLIST_FILE = TableViewRefreshTests/Info.plist;
				LD_RUNPATH_SEARCH_PATHS = "$(inherited) @executable_path/Frameworks @loader_path/Frameworks";
				PRODUCT_BUNDLE_IDENTIFIER = baize.TableViewRefreshTests;
				PRODUCT_NAME = "$(TARGET_NAME)";
				TEST_HOST = "$(BUILT_PRODUCTS_DIR)/TableViewRefresh.app/TableViewRefresh";
			};
			name = Debug;
		};
		381B6E8F1F62340F0068F17A /* Release */ = {
			isa = XCBuildConfiguration;
			buildSettings = {
				BUNDLE_LOADER = "$(TEST_HOST)";
				INFOPLIST_FILE = TableViewRefreshTests/Info.plist;
				LD_RUNPATH_SEARCH_PATHS = "$(inherited) @executable_path/Frameworks @loader_path/Frameworks";
				PRODUCT_BUNDLE_IDENTIFIER = baize.TableViewRefreshTests;
				PRODUCT_NAME = "$(TARGET_NAME)";
				TEST_HOST = "$(BUILT_PRODUCTS_DIR)/TableViewRefresh.app/TableViewRefresh";
			};
			name = Release;
		};
		381B6E911F62340F0068F17A /* Debug */ = {
			isa = XCBuildConfiguration;
			buildSettings = {
				INFOPLIST_FILE = TableViewRefreshUITests/Info.plist;
				LD_RUNPATH_SEARCH_PATHS = "$(inherited) @executable_path/Frameworks @loader_path/Frameworks";
				PRODUCT_BUNDLE_IDENTIFIER = baize.TableViewRefreshUITests;
				PRODUCT_NAME = "$(TARGET_NAME)";
				TEST_TARGET_NAME = TableViewRefresh;
			};
			name = Debug;
		};
		381B6E921F62340F0068F17A /* Release */ = {
			isa = XCBuildConfiguration;
			buildSettings = {
				INFOPLIST_FILE = TableViewRefreshUITests/Info.plist;
				LD_RUNPATH_SEARCH_PATHS = "$(inherited) @executable_path/Frameworks @loader_path/Frameworks";
				PRODUCT_BUNDLE_IDENTIFIER = baize.TableViewRefreshUITests;
				PRODUCT_NAME = "$(TARGET_NAME)";
				TEST_TARGET_NAME = TableViewRefresh;
			};
			name = Release;
		};
/* End XCBuildConfiguration section */

/* Begin XCConfigurationList section */
		381B6E581F62340E0068F17A /* Build configuration list for PBXProject "TableViewRefresh" */ = {
			isa = XCConfigurationList;
			buildConfigurations = (
				381B6E881F62340F0068F17A /* Debug */,
				381B6E891F62340F0068F17A /* Release */,
			);
			defaultConfigurationIsVisible = 0;
			defaultConfigurationName = Release;
		};
		381B6E8A1F62340F0068F17A /* Build configuration list for PBXNativeTarget "TableViewRefresh" */ = {
			isa = XCConfigurationList;
			buildConfigurations = (
				381B6E8B1F62340F0068F17A /* Debug */,
				381B6E8C1F62340F0068F17A /* Release */,
			);
			defaultConfigurationIsVisible = 0;
			defaultConfigurationName = Release;
		};
		381B6E8D1F62340F0068F17A /* Build configuration list for PBXNativeTarget "TableViewRefreshTests" */ = {
			isa = XCConfigurationList;
			buildConfigurations = (
				381B6E8E1F62340F0068F17A /* Debug */,
				381B6E8F1F62340F0068F17A /* Release */,
			);
			defaultConfigurationIsVisible = 0;
			defaultConfigurationName = Release;
		};
		381B6E901F62340F0068F17A /* Build configuration list for PBXNativeTarget "TableViewRefreshUITests" */ = {
			isa = XCConfigurationList;
			buildConfigurations = (
				381B6E911F62340F0068F17A /* Debug */,
				381B6E921F62340F0068F17A /* Release */,
			);
			defaultConfigurationIsVisible = 0;
			defaultConfigurationName = Release;
		};
/* End XCConfigurationList section */
	};
	rootObject = 381B6E551F62340E0068F17A /* Project object */;
}
